
Microsoft Visual Studio Solution File, Format Version 12.00
Project("{FAE04EC0-301F-11D3-BF4B-00C04F79EFBC}") = "Wraeclib", "Wraeclib\Wraeclib.csproj", "{0C825170-9F04-4688-A7D3-094A5A2DE980}"
EndProject
Project("{FAE04EC0-301F-11D3-BF4B-00C04F79EFBC}") = "TestSln", "TestSln\TestSln.csproj", "{CC78D995-22C6-43C6-9627-FC56CEA74F90}"
EndProject
Global
	GlobalSection(SolutionConfigurationPlatforms) = preSolution
		Debug|Any CPU = Debug|Any CPU
		Release|Any CPU = Release|Any CPU
	EndGlobalSection
	GlobalSection(ProjectConfigurationPlatforms) = postSolution
		{0C825170-9F04-4688-A7D3-094A5A2DE980}.Debug|Any CPU.ActiveCfg = Debug|Any CPU
		{0C825170-9F04-4688-A7D3-094A5A2DE980}.Debug|Any CPU.Build.0 = Debug|Any CPU
		{0C825170-9F04-4688-A7D3-094A5A2DE980}.Release|Any CPU.ActiveCfg = Release|Any CPU
		{0C825170-9F04-4688-A7D3-094A5A2DE980}.Release|Any CPU.Build.0 = Release|Any CPU
		{CC78D995-22C6-43C6-9627-FC56CEA74F90}.Debug|Any CPU.ActiveCfg = Debug|Any CPU
		{CC78D995-22C6-43C6-9627-FC56CEA74F90}.Debug|Any CPU.Build.0 = Debug|Any CPU
		{CC78D995-22C6-43C6-9627-FC56CEA74F90}.Release|Any CPU.ActiveCfg = Release|Any CPU
		{CC78D995-22C6-43C6-9627-FC56CEA74F90}.Release|Any CPU.Build.0 = Release|Any CPU
	EndGlobalSection
EndGlobal
